
Microsoft Visual Studio Solution File, Format Version 12.00
# Visual Studio Version 17
VisualStudioVersion = 17.8.34525.116
MinimumVisualStudioVersion = 10.0.40219.1
Project("{FAE04EC0-301F-11D3-BF4B-00C04F79EFBC}") = "Proyecto2", "Proyecto2.csproj", "{5FE1B81A-8A02-4055-8840-CAED7E7D3906}"
EndProject
Project("{FAE04EC0-301F-11D3-BF4B-00C04F79EFBC}") = "Proyecto2.AccesoDatos", "..\Proyecto2.AccesoDatos\Proyecto2.AccesoDatos.csproj", "{4BA4CE83-CDE7-4A82-8D22-6A675F1B8219}"
EndProject
Project("{FAE04EC0-301F-11D3-BF4B-00C04F79EFBC}") = "Proyecto2.Modelo", "..\Proyecto2.Modelo\Proyecto2.Modelo.csproj", "{949F950B-99FC-4A0B-8E7A-6288B9192DDE}"
EndProject
Project("{FAE04EC0-301F-11D3-BF4B-00C04F79EFBC}") = "Proyecto2.Utilidades", "..\Proyecto2.Utilidades\Proyecto2.Utilidades.csproj", "{1EA31499-A85B-40B1-AC04-D18733F76BC0}"
EndProject
Global
	GlobalSection(SolutionConfigurationPlatforms) = preSolution
		Debug|Any CPU = Debug|Any CPU
		Release|Any CPU = Release|Any CPU
	EndGlobalSection
	GlobalSection(ProjectConfigurationPlatforms) = postSolution
		{5FE1B81A-8A02-4055-8840-CAED7E7D3906}.Debug|Any CPU.ActiveCfg = Debug|Any CPU
		{5FE1B81A-8A02-4055-8840-CAED7E7D3906}.Debug|Any CPU.Build.0 = Debug|Any CPU
		{5FE1B81A-8A02-4055-8840-CAED7E7D3906}.Release|Any CPU.ActiveCfg = Release|Any CPU
		{5FE1B81A-8A02-4055-8840-CAED7E7D3906}.Release|Any CPU.Build.0 = Release|Any CPU
		{4BA4CE83-CDE7-4A82-8D22-6A675F1B8219}.Debug|Any CPU.ActiveCfg = Debug|Any CPU
		{4BA4CE83-CDE7-4A82-8D22-6A675F1B8219}.Debug|Any CPU.Build.0 = Debug|Any CPU
		{4BA4CE83-CDE7-4A82-8D22-6A675F1B8219}.Release|Any CPU.ActiveCfg = Release|Any CPU
		{4BA4CE83-CDE7-4A82-8D22-6A675F1B8219}.Release|Any CPU.Build.0 = Release|Any CPU
		{949F950B-99FC-4A0B-8E7A-6288B9192DDE}.Debug|Any CPU.ActiveCfg = Debug|Any CPU
		{949F950B-99FC-4A0B-8E7A-6288B9192DDE}.Debug|Any CPU.Build.0 = Debug|Any CPU
		{949F950B-99FC-4A0B-8E7A-6288B9192DDE}.Release|Any CPU.ActiveCfg = Release|Any CPU
		{949F950B-99FC-4A0B-8E7A-6288B9192DDE}.Release|Any CPU.Build.0 = Release|Any CPU
		{1EA31499-A85B-40B1-AC04-D18733F76BC0}.Debug|Any CPU.ActiveCfg = Debug|Any CPU
		{1EA31499-A85B-40B1-AC04-D18733F76BC0}.Debug|Any CPU.Build.0 = Debug|Any CPU
		{1EA31499-A85B-40B1-AC04-D18733F76BC0}.Release|Any CPU.ActiveCfg = Release|Any CPU
		{1EA31499-A85B-40B1-AC04-D18733F76BC0}.Release|Any CPU.Build.0 = Release|Any CPU
	EndGlobalSection
	GlobalSection(SolutionProperties) = preSolution
		HideSolutionNode = FALSE
	EndGlobalSection
	GlobalSection(ExtensibilityGlobals) = postSolution
		SolutionGuid = {9D68AAA1-2B18-4CA6-8028-B92240965620}
	EndGlobalSection
EndGlobal
